
Microsoft Visual Studio Solution File, Format Version 12.00
# Visual Studio Version 16
VisualStudioVersion = 16.0.30907.101
MinimumVisualStudioVersion = 10.0.40219.1
Project("{9A19103F-16F7-4668-BE54-9A1E7A4F7556}") = "Participation 1", "Participation 1.csproj", "{07432A5E-BED6-45C2-87B1-286F284F7EEC}"
EndProject
Project("{9A19103F-16F7-4668-BE54-9A1E7A4F7556}") = "SumOf3", "..\SumOf3\SumOf3.csproj", "{4CC3F4FD-585B-400D-B191-80CFB9110D5D}"
EndProject
Project("{9A19103F-16F7-4668-BE54-9A1E7A4F7556}") = "CoinToss", "..\CoinToss\CoinToss.csproj", "{57609344-4F49-41DC-98AE-1E810AC7E794}"
EndProject
Project("{9A19103F-16F7-4668-BE54-9A1E7A4F7556}") = "Loops_GuessANumber", "..\Loops_GuessANumber\Loops_GuessANumber.csproj", "{2D5B0CA9-4A10-4436-BAF0-735367510E71}"
EndProject
Project("{9A19103F-16F7-4668-BE54-9A1E7A4F7556}") = "StringManipulation", "..\StringManipulation\StringManipulation.csproj", "{1DE10112-9E53-4285-8999-D650EC5E04B8}"
EndProject
Project("{9A19103F-16F7-4668-BE54-9A1E7A4F7556}") = "Collections_(statistics)", "..\Collections_(statistics)\Collections_(statistics).csproj", "{247ABD29-F03E-482A-96F7-377CD922CBDF}"
EndProject
Project("{FAE04EC0-301F-11D3-BF4B-00C04F79EFBC}") = "Collections_AllTypes", "..\Collections_AllTypes\Collections_AllTypes.csproj", "{0C52AD08-7A00-4326-A78B-5D2ED09E0937}"
EndProject
Global
	GlobalSection(SolutionConfigurationPlatforms) = preSolution
		Debug|Any CPU = Debug|Any CPU
		Release|Any CPU = Release|Any CPU
	EndGlobalSection
	GlobalSection(ProjectConfigurationPlatforms) = postSolution
		{07432A5E-BED6-45C2-87B1-286F284F7EEC}.Debug|Any CPU.ActiveCfg = Debug|Any CPU
		{07432A5E-BED6-45C2-87B1-286F284F7EEC}.Debug|Any CPU.Build.0 = Debug|Any CPU
		{07432A5E-BED6-45C2-87B1-286F284F7EEC}.Release|Any CPU.ActiveCfg = Release|Any CPU
		{07432A5E-BED6-45C2-87B1-286F284F7EEC}.Release|Any CPU.Build.0 = Release|Any CPU
		{4CC3F4FD-585B-400D-B191-80CFB9110D5D}.Debug|Any CPU.ActiveCfg = Debug|Any CPU
		{4CC3F4FD-585B-400D-B191-80CFB9110D5D}.Debug|Any CPU.Build.0 = Debug|Any CPU
		{4CC3F4FD-585B-400D-B191-80CFB9110D5D}.Release|Any CPU.ActiveCfg = Release|Any CPU
		{4CC3F4FD-585B-400D-B191-80CFB9110D5D}.Release|Any CPU.Build.0 = Release|Any CPU
		{57609344-4F49-41DC-98AE-1E810AC7E794}.Debug|Any CPU.ActiveCfg = Debug|Any CPU
		{57609344-4F49-41DC-98AE-1E810AC7E794}.Debug|Any CPU.Build.0 = Debug|Any CPU
		{57609344-4F49-41DC-98AE-1E810AC7E794}.Release|Any CPU.ActiveCfg = Release|Any CPU
		{57609344-4F49-41DC-98AE-1E810AC7E794}.Release|Any CPU.Build.0 = Release|Any CPU
		{2D5B0CA9-4A10-4436-BAF0-735367510E71}.Debug|Any CPU.ActiveCfg = Debug|Any CPU
		{2D5B0CA9-4A10-4436-BAF0-735367510E71}.Debug|Any CPU.Build.0 = Debug|Any CPU
		{2D5B0CA9-4A10-4436-BAF0-735367510E71}.Release|Any CPU.ActiveCfg = Release|Any CPU
		{2D5B0CA9-4A10-4436-BAF0-735367510E71}.Release|Any CPU.Build.0 = Release|Any CPU
		{1DE10112-9E53-4285-8999-D650EC5E04B8}.Debug|Any CPU.ActiveCfg = Debug|Any CPU
		{1DE10112-9E53-4285-8999-D650EC5E04B8}.Debug|Any CPU.Build.0 = Debug|Any CPU
		{1DE10112-9E53-4285-8999-D650EC5E04B8}.Release|Any CPU.ActiveCfg = Release|Any CPU
		{1DE10112-9E53-4285-8999-D650EC5E04B8}.Release|Any CPU.Build.0 = Release|Any CPU
		{247ABD29-F03E-482A-96F7-377CD922CBDF}.Debug|Any CPU.ActiveCfg = Debug|Any CPU
		{247ABD29-F03E-482A-96F7-377CD922CBDF}.Debug|Any CPU.Build.0 = Debug|Any CPU
		{247ABD29-F03E-482A-96F7-377CD922CBDF}.Release|Any CPU.ActiveCfg = Release|Any CPU
		{247ABD29-F03E-482A-96F7-377CD922CBDF}.Release|Any CPU.Build.0 = Release|Any CPU
		{0C52AD08-7A00-4326-A78B-5D2ED09E0937}.Debug|Any CPU.ActiveCfg = Debug|Any CPU
		{0C52AD08-7A00-4326-A78B-5D2ED09E0937}.Debug|Any CPU.Build.0 = Debug|Any CPU
		{0C52AD08-7A00-4326-A78B-5D2ED09E0937}.Release|Any CPU.ActiveCfg = Release|Any CPU
		{0C52AD08-7A00-4326-A78B-5D2ED09E0937}.Release|Any CPU.Build.0 = Release|Any CPU
	EndGlobalSection
	GlobalSection(SolutionProperties) = preSolution
		HideSolutionNode = FALSE
	EndGlobalSection
	GlobalSection(ExtensibilityGlobals) = postSolution
		SolutionGuid = {A716C7F1-6C77-46A9-8DF5-F0D982D24E3B}
	EndGlobalSection
EndGlobal
