
Microsoft Visual Studio Solution File, Format Version 12.00
# Visual Studio Version 16
VisualStudioVersion = 16.0.30907.101
MinimumVisualStudioVersion = 10.0.40219.1
Project("{9A19103F-16F7-4668-BE54-9A1E7A4F7556}") = "Participation 1", "Participation 1.csproj", "{07432A5E-BED6-45C2-87B1-286F284F7EEC}"
EndProject
Project("{FAE04EC0-301F-11D3-BF4B-00C04F79EFBC}") = "SumOf3", "..\SumOf3\SumOf3.csproj", "{4CC3F4FD-585B-400D-B191-80CFB9110D5D}"
EndProject
Global
	GlobalSection(SolutionConfigurationPlatforms) = preSolution
		Debug|Any CPU = Debug|Any CPU
		Release|Any CPU = Release|Any CPU
	EndGlobalSection
	GlobalSection(ProjectConfigurationPlatforms) = postSolution
		{07432A5E-BED6-45C2-87B1-286F284F7EEC}.Debug|Any CPU.ActiveCfg = Debug|Any CPU
		{07432A5E-BED6-45C2-87B1-286F284F7EEC}.Debug|Any CPU.Build.0 = Debug|Any CPU
		{07432A5E-BED6-45C2-87B1-286F284F7EEC}.Release|Any CPU.ActiveCfg = Release|Any CPU
		{07432A5E-BED6-45C2-87B1-286F284F7EEC}.Release|Any CPU.Build.0 = Release|Any CPU
		{4CC3F4FD-585B-400D-B191-80CFB9110D5D}.Debug|Any CPU.ActiveCfg = Debug|Any CPU
		{4CC3F4FD-585B-400D-B191-80CFB9110D5D}.Debug|Any CPU.Build.0 = Debug|Any CPU
		{4CC3F4FD-585B-400D-B191-80CFB9110D5D}.Release|Any CPU.ActiveCfg = Release|Any CPU
		{4CC3F4FD-585B-400D-B191-80CFB9110D5D}.Release|Any CPU.Build.0 = Release|Any CPU
	EndGlobalSection
	GlobalSection(SolutionProperties) = preSolution
		HideSolutionNode = FALSE
	EndGlobalSection
	GlobalSection(ExtensibilityGlobals) = postSolution
		SolutionGuid = {A716C7F1-6C77-46A9-8DF5-F0D982D24E3B}
	EndGlobalSection
EndGlobal
