
Microsoft Visual Studio Solution File, Format Version 12.00
# Visual Studio Version 16
VisualStudioVersion = 16.0.30907.101
MinimumVisualStudioVersion = 10.0.40219.1
Project("{9A19103F-16F7-4668-BE54-9A1E7A4F7556}") = "Collections_(statistics)", "Collections_(statistics).csproj", "{FAAF8139-22C2-43AE-817B-E75850EFD191}"
EndProject
Project("{FAE04EC0-301F-11D3-BF4B-00C04F79EFBC}") = "Collections_(statistics)_List", "..\Collections_(statistics)_List\Collections_(statistics)_List.csproj", "{2059858B-883B-4639-8B10-6F505D020E32}"
EndProject
Global
	GlobalSection(SolutionConfigurationPlatforms) = preSolution
		Debug|Any CPU = Debug|Any CPU
		Release|Any CPU = Release|Any CPU
	EndGlobalSection
	GlobalSection(ProjectConfigurationPlatforms) = postSolution
		{FAAF8139-22C2-43AE-817B-E75850EFD191}.Debug|Any CPU.ActiveCfg = Debug|Any CPU
		{FAAF8139-22C2-43AE-817B-E75850EFD191}.Debug|Any CPU.Build.0 = Debug|Any CPU
		{FAAF8139-22C2-43AE-817B-E75850EFD191}.Release|Any CPU.ActiveCfg = Release|Any CPU
		{FAAF8139-22C2-43AE-817B-E75850EFD191}.Release|Any CPU.Build.0 = Release|Any CPU
		{2059858B-883B-4639-8B10-6F505D020E32}.Debug|Any CPU.ActiveCfg = Debug|Any CPU
		{2059858B-883B-4639-8B10-6F505D020E32}.Debug|Any CPU.Build.0 = Debug|Any CPU
		{2059858B-883B-4639-8B10-6F505D020E32}.Release|Any CPU.ActiveCfg = Release|Any CPU
		{2059858B-883B-4639-8B10-6F505D020E32}.Release|Any CPU.Build.0 = Release|Any CPU
	EndGlobalSection
	GlobalSection(SolutionProperties) = preSolution
		HideSolutionNode = FALSE
	EndGlobalSection
	GlobalSection(ExtensibilityGlobals) = postSolution
		SolutionGuid = {DD4AB272-047F-4D39-A3B5-F8B1AF81A5F6}
	EndGlobalSection
EndGlobal
